
Microsoft Visual Studio Solution File, Format Version 12.00
# Visual Studio Version 16
VisualStudioVersion = 16.0.31205.134
MinimumVisualStudioVersion = 10.0.40219.1
Project("{FAE04EC0-301F-11D3-BF4B-00C04F79EFBC}") = "URLTrackerOnSearchEngines", "URLTrackerOnSearchEngines\URLTrackerOnSearchEngines.csproj", "{6A2FC063-806E-4CB2-9A41-8D5D90FBE9BF}"
EndProject
Project("{FAE04EC0-301F-11D3-BF4B-00C04F79EFBC}") = "URLTrackerOnSearchEngines.Tests", "URLTrackerOnSearchEngines.Tests\URLTrackerOnSearchEngines.Tests.csproj", "{11163EE7-8E53-48AC-A638-D98281306192}"
EndProject
Global
	GlobalSection(SolutionConfigurationPlatforms) = preSolution
		Debug|Any CPU = Debug|Any CPU
		Release|Any CPU = Release|Any CPU
	EndGlobalSection
	GlobalSection(ProjectConfigurationPlatforms) = postSolution
		{6A2FC063-806E-4CB2-9A41-8D5D90FBE9BF}.Debug|Any CPU.ActiveCfg = Debug|Any CPU
		{6A2FC063-806E-4CB2-9A41-8D5D90FBE9BF}.Debug|Any CPU.Build.0 = Debug|Any CPU
		{6A2FC063-806E-4CB2-9A41-8D5D90FBE9BF}.Release|Any CPU.ActiveCfg = Release|Any CPU
		{6A2FC063-806E-4CB2-9A41-8D5D90FBE9BF}.Release|Any CPU.Build.0 = Release|Any CPU
		{11163EE7-8E53-48AC-A638-D98281306192}.Debug|Any CPU.ActiveCfg = Debug|Any CPU
		{11163EE7-8E53-48AC-A638-D98281306192}.Debug|Any CPU.Build.0 = Debug|Any CPU
		{11163EE7-8E53-48AC-A638-D98281306192}.Release|Any CPU.ActiveCfg = Release|Any CPU
		{11163EE7-8E53-48AC-A638-D98281306192}.Release|Any CPU.Build.0 = Release|Any CPU
	EndGlobalSection
	GlobalSection(SolutionProperties) = preSolution
		HideSolutionNode = FALSE
	EndGlobalSection
	GlobalSection(ExtensibilityGlobals) = postSolution
		SolutionGuid = {967DF731-1581-42BA-83B4-82F6F3E10A65}
	EndGlobalSection
EndGlobal
